
Microsoft Visual Studio Solution File, Format Version 12.00
# Visual Studio 15
VisualStudioVersion = 15.0.27428.2015
MinimumVisualStudioVersion = 10.0.40219.1
Project("{FAE04EC0-301F-11D3-BF4B-00C04F79EFBC}") = "FizzBuzzEnterpriseEdition", "FizzBuzzEnterpriseEdition\FizzBuzzEnterpriseEdition.csproj", "{786EF805-5860-436B-9B8B-B8C69A68283A}"
EndProject
Project("{FAE04EC0-301F-11D3-BF4B-00C04F79EFBC}") = "FizzBuzzEnterpriseEdition.Test", "FizzBuzzEnterpriseEdition.Test\FizzBuzzEnterpriseEdition.Test.csproj", "{CE68F349-469C-489D-BBC6-1F837B14A95A}"
EndProject
Project("{FAE04EC0-301F-11D3-BF4B-00C04F79EFBC}") = "FizzBuzzEnterpriseEdition.Interfaces", "FizzBuzzEnterpriseEdition.Interfaces\FizzBuzzEnterpriseEdition.Interfaces.csproj", "{7C2855CF-1EA8-4E47-A672-634A77984224}"
EndProject
Global
	GlobalSection(SolutionConfigurationPlatforms) = preSolution
		Debug|Any CPU = Debug|Any CPU
		Release|Any CPU = Release|Any CPU
	EndGlobalSection
	GlobalSection(ProjectConfigurationPlatforms) = postSolution
		{786EF805-5860-436B-9B8B-B8C69A68283A}.Debug|Any CPU.ActiveCfg = Debug|Any CPU
		{786EF805-5860-436B-9B8B-B8C69A68283A}.Debug|Any CPU.Build.0 = Debug|Any CPU
		{786EF805-5860-436B-9B8B-B8C69A68283A}.Release|Any CPU.ActiveCfg = Release|Any CPU
		{786EF805-5860-436B-9B8B-B8C69A68283A}.Release|Any CPU.Build.0 = Release|Any CPU
		{CE68F349-469C-489D-BBC6-1F837B14A95A}.Debug|Any CPU.ActiveCfg = Debug|Any CPU
		{CE68F349-469C-489D-BBC6-1F837B14A95A}.Debug|Any CPU.Build.0 = Debug|Any CPU
		{CE68F349-469C-489D-BBC6-1F837B14A95A}.Release|Any CPU.ActiveCfg = Release|Any CPU
		{CE68F349-469C-489D-BBC6-1F837B14A95A}.Release|Any CPU.Build.0 = Release|Any CPU
		{7C2855CF-1EA8-4E47-A672-634A77984224}.Debug|Any CPU.ActiveCfg = Debug|Any CPU
		{7C2855CF-1EA8-4E47-A672-634A77984224}.Debug|Any CPU.Build.0 = Debug|Any CPU
		{7C2855CF-1EA8-4E47-A672-634A77984224}.Release|Any CPU.ActiveCfg = Release|Any CPU
		{7C2855CF-1EA8-4E47-A672-634A77984224}.Release|Any CPU.Build.0 = Release|Any CPU
	EndGlobalSection
	GlobalSection(SolutionProperties) = preSolution
		HideSolutionNode = FALSE
	EndGlobalSection
	GlobalSection(ExtensibilityGlobals) = postSolution
		SolutionGuid = {97F26D28-038B-4C24-B076-0B1534CC0D98}
	EndGlobalSection
EndGlobal
